
Microsoft Visual Studio Solution File, Format Version 12.00
# Visual Studio Version 17
VisualStudioVersion = 17.1.32127.271
MinimumVisualStudioVersion = 10.0.40219.1
Project("{9A19103F-16F7-4668-BE54-9A1E7A4F7556}") = "HearthStone.WebApi", "HearthStone.WebApi\HearthStone.WebApi.csproj", "{36B718A7-F984-46CC-8C9B-114879301CD8}"
EndProject
Project("{9A19103F-16F7-4668-BE54-9A1E7A4F7556}") = "HearthStone.WebApi.Tests", "HearthStone.WebApi.Tests\HearthStone.WebApi.Tests.csproj", "{87797D80-3EF6-4EBC-8315-82098BAA96EE}"
EndProject
Project("{9A19103F-16F7-4668-BE54-9A1E7A4F7556}") = "HearthStone.WebApi.ConsoleTests", "HearthStone.WebApi.ConsoleTests\HearthStone.WebApi.ConsoleTests.csproj", "{68405872-CFD3-4D89-A324-52103DF27B80}"
EndProject
Global
	GlobalSection(SolutionConfigurationPlatforms) = preSolution
		Debug|Any CPU = Debug|Any CPU
		Release|Any CPU = Release|Any CPU
	EndGlobalSection
	GlobalSection(ProjectConfigurationPlatforms) = postSolution
		{36B718A7-F984-46CC-8C9B-114879301CD8}.Debug|Any CPU.ActiveCfg = Debug|Any CPU
		{36B718A7-F984-46CC-8C9B-114879301CD8}.Debug|Any CPU.Build.0 = Debug|Any CPU
		{36B718A7-F984-46CC-8C9B-114879301CD8}.Release|Any CPU.ActiveCfg = Release|Any CPU
		{36B718A7-F984-46CC-8C9B-114879301CD8}.Release|Any CPU.Build.0 = Release|Any CPU
		{87797D80-3EF6-4EBC-8315-82098BAA96EE}.Debug|Any CPU.ActiveCfg = Debug|Any CPU
		{87797D80-3EF6-4EBC-8315-82098BAA96EE}.Debug|Any CPU.Build.0 = Debug|Any CPU
		{87797D80-3EF6-4EBC-8315-82098BAA96EE}.Release|Any CPU.ActiveCfg = Release|Any CPU
		{87797D80-3EF6-4EBC-8315-82098BAA96EE}.Release|Any CPU.Build.0 = Release|Any CPU
		{68405872-CFD3-4D89-A324-52103DF27B80}.Debug|Any CPU.ActiveCfg = Debug|Any CPU
		{68405872-CFD3-4D89-A324-52103DF27B80}.Debug|Any CPU.Build.0 = Debug|Any CPU
		{68405872-CFD3-4D89-A324-52103DF27B80}.Release|Any CPU.ActiveCfg = Release|Any CPU
		{68405872-CFD3-4D89-A324-52103DF27B80}.Release|Any CPU.Build.0 = Release|Any CPU
	EndGlobalSection
	GlobalSection(SolutionProperties) = preSolution
		HideSolutionNode = FALSE
	EndGlobalSection
	GlobalSection(ExtensibilityGlobals) = postSolution
		SolutionGuid = {26D3D79E-7F69-44EA-A06C-F555D5C14758}
	EndGlobalSection
EndGlobal
